
Microsoft Visual Studio Solution File, Format Version 12.00
# Visual Studio Version 17
VisualStudioVersion = 17.8.34330.188
MinimumVisualStudioVersion = 10.0.40219.1
Project("{888888A0-9F3D-457C-B088-3A5042F75D52}") = "ekiri", "ekiri\ekiri.pyproj", "{A5B8560E-54C7-4250-B791-9936AA272943}"
EndProject
Global
	GlobalSection(SolutionConfigurationPlatforms) = preSolution
		Debug|Any CPU = Debug|Any CPU
		Release|Any CPU = Release|Any CPU
	EndGlobalSection
	GlobalSection(ProjectConfigurationPlatforms) = postSolution
		{A5B8560E-54C7-4250-B791-9936AA272943}.Debug|Any CPU.ActiveCfg = Debug|Any CPU
		{A5B8560E-54C7-4250-B791-9936AA272943}.Release|Any CPU.ActiveCfg = Release|Any CPU
	EndGlobalSection
	GlobalSection(SolutionProperties) = preSolution
		HideSolutionNode = FALSE
	EndGlobalSection
	GlobalSection(ExtensibilityGlobals) = postSolution
		SolutionGuid = {6F4423BD-0F24-45FA-AF47-09F5F1DA6EB4}
	EndGlobalSection
EndGlobal
